
Microsoft Visual Studio Solution File, Format Version 12.00
# Visual Studio 15
VisualStudioVersion = 15.0.26228.4
MinimumVisualStudioVersion = 10.0.40219.1
Project("{FAE04EC0-301F-11D3-BF4B-00C04F79EFBC}") = "GerardGui", "GerardGui\GerardGui.csproj", "{890AD845-4639-47B1-B906-89439F347E5B}"
EndProject
Project("{FAE04EC0-301F-11D3-BF4B-00C04F79EFBC}") = "Butler", "Butler\Butler.csproj", "{F06448E5-AA25-4ECC-92EB-FC2DA2A6E7B4}"
EndProject
Project("{FAE04EC0-301F-11D3-BF4B-00C04F79EFBC}") = "RosterLib", "RosterLib\RosterLib.csproj", "{50635611-593A-4208-B7A5-09938C1B31B1}"
EndProject
Project("{FAE04EC0-301F-11D3-BF4B-00C04F79EFBC}") = "Gerard.Tests", "Gerard.Tests\Gerard.Tests.csproj", "{DF778389-16BC-468C-8EA2-A46312A0B8BF}"
EndProject
Project("{FAE04EC0-301F-11D3-BF4B-00C04F79EFBC}") = "TFLLib", "TFLLib\TFLLib.csproj", "{A3A068EE-3471-4F63-AA69-3B5F57705283}"
EndProject
Project("{FAE04EC0-301F-11D3-BF4B-00C04F79EFBC}") = "GerardWebApp", "GerardWebApp\GerardWebApp.csproj", "{277538B5-12C6-4E96-AF5C-A6AFED454085}"
EndProject
Project("{FAE04EC0-301F-11D3-BF4B-00C04F79EFBC}") = "ButlerWebApi", "ConsoleApplication1\ButlerWebApi.csproj", "{7DF8597A-BB71-42AE-98FD-596468A94FDF}"
EndProject
Project("{FAE04EC0-301F-11D3-BF4B-00C04F79EFBC}") = "Helpers", "..\Helpers\Helpers.csproj", "{DDA0342A-A7E7-48D7-9CB3-4B7676269740}"
EndProject
Global
	GlobalSection(SolutionConfigurationPlatforms) = preSolution
		Debug|Any CPU = Debug|Any CPU
		Release|Any CPU = Release|Any CPU
	EndGlobalSection
	GlobalSection(ProjectConfigurationPlatforms) = postSolution
		{890AD845-4639-47B1-B906-89439F347E5B}.Debug|Any CPU.ActiveCfg = Debug|Any CPU
		{890AD845-4639-47B1-B906-89439F347E5B}.Debug|Any CPU.Build.0 = Debug|Any CPU
		{890AD845-4639-47B1-B906-89439F347E5B}.Release|Any CPU.ActiveCfg = Release|Any CPU
		{890AD845-4639-47B1-B906-89439F347E5B}.Release|Any CPU.Build.0 = Release|Any CPU
		{F06448E5-AA25-4ECC-92EB-FC2DA2A6E7B4}.Debug|Any CPU.ActiveCfg = Debug|Any CPU
		{F06448E5-AA25-4ECC-92EB-FC2DA2A6E7B4}.Debug|Any CPU.Build.0 = Debug|Any CPU
		{F06448E5-AA25-4ECC-92EB-FC2DA2A6E7B4}.Release|Any CPU.ActiveCfg = Release|Any CPU
		{F06448E5-AA25-4ECC-92EB-FC2DA2A6E7B4}.Release|Any CPU.Build.0 = Release|Any CPU
		{50635611-593A-4208-B7A5-09938C1B31B1}.Debug|Any CPU.ActiveCfg = Debug|Any CPU
		{50635611-593A-4208-B7A5-09938C1B31B1}.Debug|Any CPU.Build.0 = Debug|Any CPU
		{50635611-593A-4208-B7A5-09938C1B31B1}.Release|Any CPU.ActiveCfg = Release|Any CPU
		{50635611-593A-4208-B7A5-09938C1B31B1}.Release|Any CPU.Build.0 = Release|Any CPU
		{DF778389-16BC-468C-8EA2-A46312A0B8BF}.Debug|Any CPU.ActiveCfg = Debug|Any CPU
		{DF778389-16BC-468C-8EA2-A46312A0B8BF}.Debug|Any CPU.Build.0 = Debug|Any CPU
		{DF778389-16BC-468C-8EA2-A46312A0B8BF}.Release|Any CPU.ActiveCfg = Release|Any CPU
		{A3A068EE-3471-4F63-AA69-3B5F57705283}.Debug|Any CPU.ActiveCfg = Debug|Any CPU
		{A3A068EE-3471-4F63-AA69-3B5F57705283}.Debug|Any CPU.Build.0 = Debug|Any CPU
		{A3A068EE-3471-4F63-AA69-3B5F57705283}.Release|Any CPU.ActiveCfg = Release|Any CPU
		{A3A068EE-3471-4F63-AA69-3B5F57705283}.Release|Any CPU.Build.0 = Release|Any CPU
		{277538B5-12C6-4E96-AF5C-A6AFED454085}.Debug|Any CPU.ActiveCfg = Debug|Any CPU
		{277538B5-12C6-4E96-AF5C-A6AFED454085}.Debug|Any CPU.Build.0 = Debug|Any CPU
		{277538B5-12C6-4E96-AF5C-A6AFED454085}.Release|Any CPU.ActiveCfg = Release|Any CPU
		{277538B5-12C6-4E96-AF5C-A6AFED454085}.Release|Any CPU.Build.0 = Release|Any CPU
		{7DF8597A-BB71-42AE-98FD-596468A94FDF}.Debug|Any CPU.ActiveCfg = Debug|Any CPU
		{7DF8597A-BB71-42AE-98FD-596468A94FDF}.Release|Any CPU.ActiveCfg = Release|Any CPU
		{DDA0342A-A7E7-48D7-9CB3-4B7676269740}.Debug|Any CPU.ActiveCfg = Debug|Any CPU
		{DDA0342A-A7E7-48D7-9CB3-4B7676269740}.Debug|Any CPU.Build.0 = Debug|Any CPU
		{DDA0342A-A7E7-48D7-9CB3-4B7676269740}.Release|Any CPU.ActiveCfg = Release|Any CPU
		{DDA0342A-A7E7-48D7-9CB3-4B7676269740}.Release|Any CPU.Build.0 = Release|Any CPU
	EndGlobalSection
	GlobalSection(SolutionProperties) = preSolution
		HideSolutionNode = FALSE
	EndGlobalSection
EndGlobal
